
Microsoft Visual Studio Solution File, Format Version 12.00
# Visual Studio Version 17
VisualStudioVersion = 17.0.32112.339
MinimumVisualStudioVersion = 10.0.40219.1
Project("{9A19103F-16F7-4668-BE54-9A1E7A4F7556}") = "BulkyBookWeb", "BulkyBookWeb\BulkyBookWeb.csproj", "{5BF82F7C-FC6D-49C7-B0F1-B569CD943B75}"
EndProject
Project("{FAE04EC0-301F-11D3-BF4B-00C04F79EFBC}") = "BulkyBook.DataAccess", "BulkyBook.DataAccess\BulkyBook.DataAccess.csproj", "{5BB947DD-051E-4B80-A1C8-B17B36827FF4}"
EndProject
Project("{FAE04EC0-301F-11D3-BF4B-00C04F79EFBC}") = "BulkyBook.Models", "BulkyBook.Models\BulkyBook.Models.csproj", "{973BD11A-FB3F-44FD-86A8-EBD3C3B2D90B}"
EndProject
Project("{FAE04EC0-301F-11D3-BF4B-00C04F79EFBC}") = "BulkyBook.Utility", "BulkyBook.Utility\BulkyBook.Utility.csproj", "{417A8C89-3715-4FDB-BBAF-E6A976D05512}"
EndProject
Global
	GlobalSection(SolutionConfigurationPlatforms) = preSolution
		Debug|Any CPU = Debug|Any CPU
		Release|Any CPU = Release|Any CPU
	EndGlobalSection
	GlobalSection(ProjectConfigurationPlatforms) = postSolution
		{5BF82F7C-FC6D-49C7-B0F1-B569CD943B75}.Debug|Any CPU.ActiveCfg = Debug|Any CPU
		{5BF82F7C-FC6D-49C7-B0F1-B569CD943B75}.Debug|Any CPU.Build.0 = Debug|Any CPU
		{5BF82F7C-FC6D-49C7-B0F1-B569CD943B75}.Release|Any CPU.ActiveCfg = Release|Any CPU
		{5BF82F7C-FC6D-49C7-B0F1-B569CD943B75}.Release|Any CPU.Build.0 = Release|Any CPU
		{5BB947DD-051E-4B80-A1C8-B17B36827FF4}.Debug|Any CPU.ActiveCfg = Debug|Any CPU
		{5BB947DD-051E-4B80-A1C8-B17B36827FF4}.Debug|Any CPU.Build.0 = Debug|Any CPU
		{5BB947DD-051E-4B80-A1C8-B17B36827FF4}.Release|Any CPU.ActiveCfg = Release|Any CPU
		{5BB947DD-051E-4B80-A1C8-B17B36827FF4}.Release|Any CPU.Build.0 = Release|Any CPU
		{973BD11A-FB3F-44FD-86A8-EBD3C3B2D90B}.Debug|Any CPU.ActiveCfg = Debug|Any CPU
		{973BD11A-FB3F-44FD-86A8-EBD3C3B2D90B}.Debug|Any CPU.Build.0 = Debug|Any CPU
		{973BD11A-FB3F-44FD-86A8-EBD3C3B2D90B}.Release|Any CPU.ActiveCfg = Release|Any CPU
		{973BD11A-FB3F-44FD-86A8-EBD3C3B2D90B}.Release|Any CPU.Build.0 = Release|Any CPU
		{417A8C89-3715-4FDB-BBAF-E6A976D05512}.Debug|Any CPU.ActiveCfg = Debug|Any CPU
		{417A8C89-3715-4FDB-BBAF-E6A976D05512}.Debug|Any CPU.Build.0 = Debug|Any CPU
		{417A8C89-3715-4FDB-BBAF-E6A976D05512}.Release|Any CPU.ActiveCfg = Release|Any CPU
		{417A8C89-3715-4FDB-BBAF-E6A976D05512}.Release|Any CPU.Build.0 = Release|Any CPU
	EndGlobalSection
	GlobalSection(SolutionProperties) = preSolution
		HideSolutionNode = FALSE
	EndGlobalSection
	GlobalSection(ExtensibilityGlobals) = postSolution
		SolutionGuid = {574D6264-E501-4B55-993F-584460BDA544}
	EndGlobalSection
EndGlobal
